
Microsoft Visual Studio Solution File, Format Version 12.00
# Visual Studio Version 17
VisualStudioVersion = 17.14.36811.4 d17.14
MinimumVisualStudioVersion = 10.0.40219.1
Project("{FAE04EC0-301F-11D3-BF4B-00C04F79EFBC}") = "AutomationLab", "AutomationLab.csproj", "{0F33AB6C-5B8D-40C8-9C7F-FEE815A14128}"
EndProject
Project("{FAE04EC0-301F-11D3-BF4B-00C04F79EFBC}") = "AutomationLab.Common", "..\AutomationLab.Common\AutomationLab.Common.csproj", "{B291E45E-5AB2-4802-A2B4-B18B58D384B8}"
EndProject
Global
	GlobalSection(SolutionConfigurationPlatforms) = preSolution
		Debug|Any CPU = Debug|Any CPU
		Release|Any CPU = Release|Any CPU
	EndGlobalSection
	GlobalSection(ProjectConfigurationPlatforms) = postSolution
		{0F33AB6C-5B8D-40C8-9C7F-FEE815A14128}.Debug|Any CPU.ActiveCfg = Debug|Any CPU
		{0F33AB6C-5B8D-40C8-9C7F-FEE815A14128}.Debug|Any CPU.Build.0 = Debug|Any CPU
		{0F33AB6C-5B8D-40C8-9C7F-FEE815A14128}.Release|Any CPU.ActiveCfg = Release|Any CPU
		{0F33AB6C-5B8D-40C8-9C7F-FEE815A14128}.Release|Any CPU.Build.0 = Release|Any CPU
		{B291E45E-5AB2-4802-A2B4-B18B58D384B8}.Debug|Any CPU.ActiveCfg = Debug|Any CPU
		{B291E45E-5AB2-4802-A2B4-B18B58D384B8}.Debug|Any CPU.Build.0 = Debug|Any CPU
		{B291E45E-5AB2-4802-A2B4-B18B58D384B8}.Release|Any CPU.ActiveCfg = Release|Any CPU
		{B291E45E-5AB2-4802-A2B4-B18B58D384B8}.Release|Any CPU.Build.0 = Release|Any CPU
	EndGlobalSection
	GlobalSection(SolutionProperties) = preSolution
		HideSolutionNode = FALSE
	EndGlobalSection
	GlobalSection(ExtensibilityGlobals) = postSolution
		SolutionGuid = {14AB4D7B-DEED-43B4-A65A-B0F01575F812}
	EndGlobalSection
EndGlobal
